// !$*UTF8*$!
{
	archiveVersion = 1;
	classes = {
	};
	objectVersion = 56;
	objects = {

/* Begin PBXBuildFile section */
		B41896CC2C49641900F104F6 /* GFImageView.swift in Sources */ = {isa = PBXBuildFile; fileRef = B41896CB2C49641900F104F6 /* GFImageView.swift */; };
		B44387A32C52BB1700065709 /* UIHelper.swift in Sources */ = {isa = PBXBuildFile; fileRef = B44387A22C52BB1700065709 /* UIHelper.swift */; };
		B443F4692C46766F00AA610D /* AppDelegate.swift in Sources */ = {isa = PBXBuildFile; fileRef = B443F4682C46766F00AA610D /* AppDelegate.swift */; };
		B443F46B2C46766F00AA610D /* SceneDelegate.swift in Sources */ = {isa = PBXBuildFile; fileRef = B443F46A2C46766F00AA610D /* SceneDelegate.swift */; };
		B443F4722C46767000AA610D /* Assets.xcassets in Resources */ = {isa = PBXBuildFile; fileRef = B443F4712C46767000AA610D /* Assets.xcassets */; };
		B443F4752C46767000AA610D /* Base in Resources */ = {isa = PBXBuildFile; fileRef = B443F4742C46767000AA610D /* Base */; };
		B443F47D2C46777300AA610D /* SearchVC.swift in Sources */ = {isa = PBXBuildFile; fileRef = B443F47C2C46777300AA610D /* SearchVC.swift */; };
		B443F47F2C46779400AA610D /* FavouriteListVC.swift in Sources */ = {isa = PBXBuildFile; fileRef = B443F47E2C46779400AA610D /* FavouriteListVC.swift */; };
		B443F4812C46833A00AA610D /* GFButton.swift in Sources */ = {isa = PBXBuildFile; fileRef = B443F4802C46833A00AA610D /* GFButton.swift */; };
		B443F4832C46843B00AA610D /* GFTextField.swift in Sources */ = {isa = PBXBuildFile; fileRef = B443F4822C46843B00AA610D /* GFTextField.swift */; };
		B443F4852C46AE7600AA610D /* FollowersListVC.swift in Sources */ = {isa = PBXBuildFile; fileRef = B443F4842C46AE7600AA610D /* FollowersListVC.swift */; };
		B443F4872C46B7ED00AA610D /* GFTitleLabel.swift in Sources */ = {isa = PBXBuildFile; fileRef = B443F4862C46B7ED00AA610D /* GFTitleLabel.swift */; };
		B443F4892C46BA3B00AA610D /* GFBodyLabel.swift in Sources */ = {isa = PBXBuildFile; fileRef = B443F4882C46BA3B00AA610D /* GFBodyLabel.swift */; };
		B443F48B2C46BB2300AA610D /* GFAlertView.swift in Sources */ = {isa = PBXBuildFile; fileRef = B443F48A2C46BB2300AA610D /* GFAlertView.swift */; };
		B443F48D2C46C01800AA610D /* GFAlertViewController.swift in Sources */ = {isa = PBXBuildFile; fileRef = B443F48C2C46C01800AA610D /* GFAlertViewController.swift */; };
		B443F48F2C46E13800AA610D /* UIViewController+Ext.swift in Sources */ = {isa = PBXBuildFile; fileRef = B443F48E2C46E13800AA610D /* UIViewController+Ext.swift */; };
		B443F4952C479D6100AA610D /* Follower.swift in Sources */ = {isa = PBXBuildFile; fileRef = B443F4942C479D6000AA610D /* Follower.swift */; };
		B443F4972C479DDC00AA610D /* User.swift in Sources */ = {isa = PBXBuildFile; fileRef = B443F4962C479DDC00AA610D /* User.swift */; };
		B443F4992C479EB300AA610D /* NetworkManager.swift in Sources */ = {isa = PBXBuildFile; fileRef = B443F4982C479EB300AA610D /* NetworkManager.swift */; };
		B443F49C2C47BC9F00AA610D /* GFError.swift in Sources */ = {isa = PBXBuildFile; fileRef = B443F49B2C47BC9F00AA610D /* GFError.swift */; };
		B4D05F052C561CD9002A06A3 /* GFEmptyStateView.swift in Sources */ = {isa = PBXBuildFile; fileRef = B4D05F042C561CD9002A06A3 /* GFEmptyStateView.swift */; };
		B4D05F072C58CC3D002A06A3 /* UserInfoVC.swift in Sources */ = {isa = PBXBuildFile; fileRef = B4D05F062C58CC3D002A06A3 /* UserInfoVC.swift */; };
		B4D05F092C592DBC002A06A3 /* GFUserInfoHeaderVC.swift in Sources */ = {isa = PBXBuildFile; fileRef = B4D05F082C592DBC002A06A3 /* GFUserInfoHeaderVC.swift */; };
		B4D05F0B2C5947CF002A06A3 /* GFSecondaryLabel.swift in Sources */ = {isa = PBXBuildFile; fileRef = B4D05F0A2C5947CF002A06A3 /* GFSecondaryLabel.swift */; };
		B4D05F0D2C5951FD002A06A3 /* Constants.swift in Sources */ = {isa = PBXBuildFile; fileRef = B4D05F0C2C5951FD002A06A3 /* Constants.swift */; };
		B4D05F0F2C5A53BF002A06A3 /* GFItemInfoView.swift in Sources */ = {isa = PBXBuildFile; fileRef = B4D05F0E2C5A53BF002A06A3 /* GFItemInfoView.swift */; };
		B4D05F112C5A986A002A06A3 /* GFItemInfoViewController.swift in Sources */ = {isa = PBXBuildFile; fileRef = B4D05F102C5A986A002A06A3 /* GFItemInfoViewController.swift */; };
		B4D05F132C5AC0E1002A06A3 /* GFRepoItemVC.swift in Sources */ = {isa = PBXBuildFile; fileRef = B4D05F122C5AC0E1002A06A3 /* GFRepoItemVC.swift */; };
		B4D05F152C5AC432002A06A3 /* GFFollowersInfoVC.swift in Sources */ = {isa = PBXBuildFile; fileRef = B4D05F142C5AC432002A06A3 /* GFFollowersInfoVC.swift */; };
		B4D05F172C5BFD45002A06A3 /* String+Ext.swift in Sources */ = {isa = PBXBuildFile; fileRef = B4D05F162C5BFD45002A06A3 /* String+Ext.swift */; };
		B4D05F192C5BFD50002A06A3 /* Date+Ext.swift in Sources */ = {isa = PBXBuildFile; fileRef = B4D05F182C5BFD50002A06A3 /* Date+Ext.swift */; };
		B4D05F1B2C5CB829002A06A3 /* PersistenceManager.swift in Sources */ = {isa = PBXBuildFile; fileRef = B4D05F1A2C5CB829002A06A3 /* PersistenceManager.swift */; };
		B4D05F1F2C60F23C002A06A3 /* UIResponser+Ext.swift in Sources */ = {isa = PBXBuildFile; fileRef = B4D05F1E2C60F23B002A06A3 /* UIResponser+Ext.swift */; };
		B4D05F242C6127A3002A06A3 /* GFTabBarController.swift in Sources */ = {isa = PBXBuildFile; fileRef = B4D05F232C6127A3002A06A3 /* GFTabBarController.swift */; };
		B4D05F262C61FD7F002A06A3 /* GFDataLoadingVC.swift in Sources */ = {isa = PBXBuildFile; fileRef = B4D05F252C61FD7F002A06A3 /* GFDataLoadingVC.swift */; };
		B4D05F282C63F0C5002A06A3 /* UIView+Ext.swift in Sources */ = {isa = PBXBuildFile; fileRef = B4D05F272C63F0C5002A06A3 /* UIView+Ext.swift */; };
		B4D05F2B2C669171002A06A3 /* UITableView+Ext.swift in Sources */ = {isa = PBXBuildFile; fileRef = B4D05F2A2C669171002A06A3 /* UITableView+Ext.swift */; };
		B4FB90662C6E3D36001978D0 /* FavouriteCell.swift in Sources */ = {isa = PBXBuildFile; fileRef = B4FB905F2C6E3D36001978D0 /* FavouriteCell.swift */; };
		B4FB90672C6E3D36001978D0 /* FavouriteView.swift in Sources */ = {isa = PBXBuildFile; fileRef = B4FB90602C6E3D36001978D0 /* FavouriteView.swift */; };
		B4FB90682C6E3D36001978D0 /* FollowerCell.swift in Sources */ = {isa = PBXBuildFile; fileRef = B4FB90622C6E3D36001978D0 /* FollowerCell.swift */; };
		B4FB90692C6E3D36001978D0 /* FollowerView.swift in Sources */ = {isa = PBXBuildFile; fileRef = B4FB90632C6E3D36001978D0 /* FollowerView.swift */; };
/* End PBXBuildFile section */

/* Begin PBXFileReference section */
		B41896CB2C49641900F104F6 /* GFImageView.swift */ = {isa = PBXFileReference; lastKnownFileType = sourcecode.swift; path = GFImageView.swift; sourceTree = "<group>"; };
		B44387A22C52BB1700065709 /* UIHelper.swift */ = {isa = PBXFileReference; lastKnownFileType = sourcecode.swift; path = UIHelper.swift; sourceTree = "<group>"; };
		B443F4652C46766F00AA610D /* GitHubFollowers.app */ = {isa = PBXFileReference; explicitFileType = wrapper.application; includeInIndex = 0; path = GitHubFollowers.app; sourceTree = BUILT_PRODUCTS_DIR; };
		B443F4682C46766F00AA610D /* AppDelegate.swift */ = {isa = PBXFileReference; lastKnownFileType = sourcecode.swift; path = AppDelegate.swift; sourceTree = "<group>"; };
		B443F46A2C46766F00AA610D /* SceneDelegate.swift */ = {isa = PBXFileReference; lastKnownFileType = sourcecode.swift; path = SceneDelegate.swift; sourceTree = "<group>"; };
		B443F4712C46767000AA610D /* Assets.xcassets */ = {isa = PBXFileReference; lastKnownFileType = folder.assetcatalog; path = Assets.xcassets; sourceTree = "<group>"; };
		B443F4742C46767000AA610D /* Base */ = {isa = PBXFileReference; lastKnownFileType = file.storyboard; name = Base; path = Base.lproj/LaunchScreen.storyboard; sourceTree = "<group>"; };
		B443F4762C46767000AA610D /* Info.plist */ = {isa = PBXFileReference; lastKnownFileType = text.plist.xml; path = Info.plist; sourceTree = "<group>"; };
		B443F47C2C46777300AA610D /* SearchVC.swift */ = {isa = PBXFileReference; lastKnownFileType = sourcecode.swift; path = SearchVC.swift; sourceTree = "<group>"; };
		B443F47E2C46779400AA610D /* FavouriteListVC.swift */ = {isa = PBXFileReference; lastKnownFileType = sourcecode.swift; path = FavouriteListVC.swift; sourceTree = "<group>"; };
		B443F4802C46833A00AA610D /* GFButton.swift */ = {isa = PBXFileReference; lastKnownFileType = sourcecode.swift; path = GFButton.swift; sourceTree = "<group>"; };
		B443F4822C46843B00AA610D /* GFTextField.swift */ = {isa = PBXFileReference; lastKnownFileType = sourcecode.swift; path = GFTextField.swift; sourceTree = "<group>"; };
		B443F4842C46AE7600AA610D /* FollowersListVC.swift */ = {isa = PBXFileReference; lastKnownFileType = sourcecode.swift; path = FollowersListVC.swift; sourceTree = "<group>"; };
		B443F4862C46B7ED00AA610D /* GFTitleLabel.swift */ = {isa = PBXFileReference; lastKnownFileType = sourcecode.swift; path = GFTitleLabel.swift; sourceTree = "<group>"; };
		B443F4882C46BA3B00AA610D /* GFBodyLabel.swift */ = {isa = PBXFileReference; lastKnownFileType = sourcecode.swift; path = GFBodyLabel.swift; sourceTree = "<group>"; };
		B443F48A2C46BB2300AA610D /* GFAlertView.swift */ = {isa = PBXFileReference; lastKnownFileType = sourcecode.swift; path = GFAlertView.swift; sourceTree = "<group>"; };
		B443F48C2C46C01800AA610D /* GFAlertViewController.swift */ = {isa = PBXFileReference; lastKnownFileType = sourcecode.swift; path = GFAlertViewController.swift; sourceTree = "<group>"; };
		B443F48E2C46E13800AA610D /* UIViewController+Ext.swift */ = {isa = PBXFileReference; lastKnownFileType = sourcecode.swift; path = "UIViewController+Ext.swift"; sourceTree = "<group>"; };
		B443F4942C479D6000AA610D /* Follower.swift */ = {isa = PBXFileReference; lastKnownFileType = sourcecode.swift; path = Follower.swift; sourceTree = "<group>"; };
		B443F4962C479DDC00AA610D /* User.swift */ = {isa = PBXFileReference; lastKnownFileType = sourcecode.swift; path = User.swift; sourceTree = "<group>"; };
		B443F4982C479EB300AA610D /* NetworkManager.swift */ = {isa = PBXFileReference; lastKnownFileType = sourcecode.swift; path = NetworkManager.swift; sourceTree = "<group>"; };
		B443F49B2C47BC9F00AA610D /* GFError.swift */ = {isa = PBXFileReference; lastKnownFileType = sourcecode.swift; path = GFError.swift; sourceTree = "<group>"; };
		B4D05F042C561CD9002A06A3 /* GFEmptyStateView.swift */ = {isa = PBXFileReference; lastKnownFileType = sourcecode.swift; path = GFEmptyStateView.swift; sourceTree = "<group>"; };
		B4D05F062C58CC3D002A06A3 /* UserInfoVC.swift */ = {isa = PBXFileReference; lastKnownFileType = sourcecode.swift; path = UserInfoVC.swift; sourceTree = "<group>"; };
		B4D05F082C592DBC002A06A3 /* GFUserInfoHeaderVC.swift */ = {isa = PBXFileReference; lastKnownFileType = sourcecode.swift; path = GFUserInfoHeaderVC.swift; sourceTree = "<group>"; };
		B4D05F0A2C5947CF002A06A3 /* GFSecondaryLabel.swift */ = {isa = PBXFileReference; lastKnownFileType = sourcecode.swift; path = GFSecondaryLabel.swift; sourceTree = "<group>"; };
		B4D05F0C2C5951FD002A06A3 /* Constants.swift */ = {isa = PBXFileReference; lastKnownFileType = sourcecode.swift; path = Constants.swift; sourceTree = "<group>"; };
		B4D05F0E2C5A53BF002A06A3 /* GFItemInfoView.swift */ = {isa = PBXFileReference; lastKnownFileType = sourcecode.swift; path = GFItemInfoView.swift; sourceTree = "<group>"; };
		B4D05F102C5A986A002A06A3 /* GFItemInfoViewController.swift */ = {isa = PBXFileReference; lastKnownFileType = sourcecode.swift; path = GFItemInfoViewController.swift; sourceTree = "<group>"; };
		B4D05F122C5AC0E1002A06A3 /* GFRepoItemVC.swift */ = {isa = PBXFileReference; lastKnownFileType = sourcecode.swift; path = GFRepoItemVC.swift; sourceTree = "<group>"; };
		B4D05F142C5AC432002A06A3 /* GFFollowersInfoVC.swift */ = {isa = PBXFileReference; lastKnownFileType = sourcecode.swift; path = GFFollowersInfoVC.swift; sourceTree = "<group>"; };
		B4D05F162C5BFD45002A06A3 /* String+Ext.swift */ = {isa = PBXFileReference; lastKnownFileType = sourcecode.swift; path = "String+Ext.swift"; sourceTree = "<group>"; };
		B4D05F182C5BFD50002A06A3 /* Date+Ext.swift */ = {isa = PBXFileReference; lastKnownFileType = sourcecode.swift; path = "Date+Ext.swift"; sourceTree = "<group>"; };
		B4D05F1A2C5CB829002A06A3 /* PersistenceManager.swift */ = {isa = PBXFileReference; lastKnownFileType = sourcecode.swift; path = PersistenceManager.swift; sourceTree = "<group>"; };
		B4D05F1E2C60F23B002A06A3 /* UIResponser+Ext.swift */ = {isa = PBXFileReference; lastKnownFileType = sourcecode.swift; path = "UIResponser+Ext.swift"; sourceTree = "<group>"; };
		B4D05F232C6127A3002A06A3 /* GFTabBarController.swift */ = {isa = PBXFileReference; lastKnownFileType = sourcecode.swift; path = GFTabBarController.swift; sourceTree = "<group>"; };
		B4D05F252C61FD7F002A06A3 /* GFDataLoadingVC.swift */ = {isa = PBXFileReference; lastKnownFileType = sourcecode.swift; path = GFDataLoadingVC.swift; sourceTree = "<group>"; };
		B4D05F272C63F0C5002A06A3 /* UIView+Ext.swift */ = {isa = PBXFileReference; lastKnownFileType = sourcecode.swift; path = "UIView+Ext.swift"; sourceTree = "<group>"; };
		B4D05F2A2C669171002A06A3 /* UITableView+Ext.swift */ = {isa = PBXFileReference; lastKnownFileType = sourcecode.swift; path = "UITableView+Ext.swift"; sourceTree = "<group>"; };
		B4FB905F2C6E3D36001978D0 /* FavouriteCell.swift */ = {isa = PBXFileReference; fileEncoding = 4; lastKnownFileType = sourcecode.swift; path = FavouriteCell.swift; sourceTree = "<group>"; };
		B4FB90602C6E3D36001978D0 /* FavouriteView.swift */ = {isa = PBXFileReference; fileEncoding = 4; lastKnownFileType = sourcecode.swift; path = FavouriteView.swift; sourceTree = "<group>"; };
		B4FB90622C6E3D36001978D0 /* FollowerCell.swift */ = {isa = PBXFileReference; fileEncoding = 4; lastKnownFileType = sourcecode.swift; path = FollowerCell.swift; sourceTree = "<group>"; };
		B4FB90632C6E3D36001978D0 /* FollowerView.swift */ = {isa = PBXFileReference; fileEncoding = 4; lastKnownFileType = sourcecode.swift; path = FollowerView.swift; sourceTree = "<group>"; };
/* End PBXFileReference section */

/* Begin PBXFrameworksBuildPhase section */
		B443F4622C46766F00AA610D /* Frameworks */ = {
			isa = PBXFrameworksBuildPhase;
			buildActionMask = 2147483647;
			files = (
			);
			runOnlyForDeploymentPostprocessing = 0;
		};
/* End PBXFrameworksBuildPhase section */

/* Begin PBXGroup section */
		B41896CA2C4963FB00F104F6 /* ImageViews */ = {
			isa = PBXGroup;
			children = (
				B41896CB2C49641900F104F6 /* GFImageView.swift */,
			);
			path = ImageViews;
			sourceTree = "<group>";
		};
		B443F45C2C46766F00AA610D = {
			isa = PBXGroup;
			children = (
				B443F4672C46766F00AA610D /* GitHubFollowers */,
				B443F4662C46766F00AA610D /* Products */,
			);
			sourceTree = "<group>";
		};
		B443F4662C46766F00AA610D /* Products */ = {
			isa = PBXGroup;
			children = (
				B443F4652C46766F00AA610D /* GitHubFollowers.app */,
			);
			name = Products;
			sourceTree = "<group>";
		};
		B443F4672C46766F00AA610D /* GitHubFollowers */ = {
			isa = PBXGroup;
			children = (
				B443F49D2C47D23300AA610D /* Utilities */,
				B443F49A2C47BC4A00AA610D /* Manager */,
				B443F4932C479D5100AA610D /* Model */,
				B443F4922C46ECE000AA610D /* Extension */,
				B443F4912C46ECBC00AA610D /* Custom Views */,
				B443F4902C46ECA000AA610D /* Screens */,
				B443F4682C46766F00AA610D /* AppDelegate.swift */,
				B443F46A2C46766F00AA610D /* SceneDelegate.swift */,
				B443F4712C46767000AA610D /* Assets.xcassets */,
				B443F4732C46767000AA610D /* LaunchScreen.storyboard */,
				B443F4762C46767000AA610D /* Info.plist */,
			);
			path = GitHubFollowers;
			sourceTree = "<group>";
		};
		B443F4902C46ECA000AA610D /* Screens */ = {
			isa = PBXGroup;
			children = (
				B443F47C2C46777300AA610D /* SearchVC.swift */,
				B443F47E2C46779400AA610D /* FavouriteListVC.swift */,
				B443F4842C46AE7600AA610D /* FollowersListVC.swift */,
				B4D05F062C58CC3D002A06A3 /* UserInfoVC.swift */,
			);
			path = Screens;
			sourceTree = "<group>";
		};
		B443F4912C46ECBC00AA610D /* Custom Views */ = {
			isa = PBXGroup;
			children = (
				B4FB90652C6E3D36001978D0 /* Cells */,
				B4D05F222C612784002A06A3 /* TabBarControllers */,
				B4D05F012C561CA0002A06A3 /* Views */,
				B4D05F002C561C93002A06A3 /* ViewControllers */,
				B4D05EFF2C561C86002A06A3 /* Buttons */,
				B4D05EFE2C561C77002A06A3 /* TextFields */,
				B4D05EFD2C561C63002A06A3 /* Labels */,
				B41896CA2C4963FB00F104F6 /* ImageViews */,
			);
			path = "Custom Views";
			sourceTree = "<group>";
		};
		B443F4922C46ECE000AA610D /* Extension */ = {
			isa = PBXGroup;
			children = (
				B443F48E2C46E13800AA610D /* UIViewController+Ext.swift */,
				B4D05F162C5BFD45002A06A3 /* String+Ext.swift */,
				B4D05F182C5BFD50002A06A3 /* Date+Ext.swift */,
				B4D05F1E2C60F23B002A06A3 /* UIResponser+Ext.swift */,
				B4D05F272C63F0C5002A06A3 /* UIView+Ext.swift */,
				B4D05F2A2C669171002A06A3 /* UITableView+Ext.swift */,
			);
			path = Extension;
			sourceTree = "<group>";
		};
		B443F4932C479D5100AA610D /* Model */ = {
			isa = PBXGroup;
			children = (
				B443F4942C479D6000AA610D /* Follower.swift */,
				B443F4962C479DDC00AA610D /* User.swift */,
			);
			path = Model;
			sourceTree = "<group>";
		};
		B443F49A2C47BC4A00AA610D /* Manager */ = {
			isa = PBXGroup;
			children = (
				B443F4982C479EB300AA610D /* NetworkManager.swift */,
				B4D05F1A2C5CB829002A06A3 /* PersistenceManager.swift */,
			);
			path = Manager;
			sourceTree = "<group>";
		};
		B443F49D2C47D23300AA610D /* Utilities */ = {
			isa = PBXGroup;
			children = (
				B443F49B2C47BC9F00AA610D /* GFError.swift */,
				B44387A22C52BB1700065709 /* UIHelper.swift */,
				B4D05F0C2C5951FD002A06A3 /* Constants.swift */,
			);
			path = Utilities;
			sourceTree = "<group>";
		};
		B4D05EFD2C561C63002A06A3 /* Labels */ = {
			isa = PBXGroup;
			children = (
				B443F4862C46B7ED00AA610D /* GFTitleLabel.swift */,
				B443F4882C46BA3B00AA610D /* GFBodyLabel.swift */,
				B4D05F0A2C5947CF002A06A3 /* GFSecondaryLabel.swift */,
			);
			path = Labels;
			sourceTree = "<group>";
		};
		B4D05EFE2C561C77002A06A3 /* TextFields */ = {
			isa = PBXGroup;
			children = (
				B443F4822C46843B00AA610D /* GFTextField.swift */,
			);
			path = TextFields;
			sourceTree = "<group>";
		};
		B4D05EFF2C561C86002A06A3 /* Buttons */ = {
			isa = PBXGroup;
			children = (
				B443F4802C46833A00AA610D /* GFButton.swift */,
			);
			path = Buttons;
			sourceTree = "<group>";
		};
		B4D05F002C561C93002A06A3 /* ViewControllers */ = {
			isa = PBXGroup;
			children = (
				B443F48C2C46C01800AA610D /* GFAlertViewController.swift */,
				B4D05F082C592DBC002A06A3 /* GFUserInfoHeaderVC.swift */,
				B4D05F102C5A986A002A06A3 /* GFItemInfoViewController.swift */,
				B4D05F122C5AC0E1002A06A3 /* GFRepoItemVC.swift */,
				B4D05F142C5AC432002A06A3 /* GFFollowersInfoVC.swift */,
				B4D05F252C61FD7F002A06A3 /* GFDataLoadingVC.swift */,
			);
			path = ViewControllers;
			sourceTree = "<group>";
		};
		B4D05F012C561CA0002A06A3 /* Views */ = {
			isa = PBXGroup;
			children = (
				B443F48A2C46BB2300AA610D /* GFAlertView.swift */,
				B4D05F042C561CD9002A06A3 /* GFEmptyStateView.swift */,
				B4D05F0E2C5A53BF002A06A3 /* GFItemInfoView.swift */,
			);
			path = Views;
			sourceTree = "<group>";
		};
		B4D05F222C612784002A06A3 /* TabBarControllers */ = {
			isa = PBXGroup;
			children = (
				B4D05F232C6127A3002A06A3 /* GFTabBarController.swift */,
			);
			path = TabBarControllers;
			sourceTree = "<group>";
		};
		B4FB90612C6E3D36001978D0 /* FavouriteCell */ = {
			isa = PBXGroup;
			children = (
				B4FB905F2C6E3D36001978D0 /* FavouriteCell.swift */,
				B4FB90602C6E3D36001978D0 /* FavouriteView.swift */,
			);
			path = FavouriteCell;
			sourceTree = "<group>";
		};
		B4FB90642C6E3D36001978D0 /* FollowerCell */ = {
			isa = PBXGroup;
			children = (
				B4FB90622C6E3D36001978D0 /* FollowerCell.swift */,
				B4FB90632C6E3D36001978D0 /* FollowerView.swift */,
			);
			path = FollowerCell;
			sourceTree = "<group>";
		};
		B4FB90652C6E3D36001978D0 /* Cells */ = {
			isa = PBXGroup;
			children = (
				B4FB90612C6E3D36001978D0 /* FavouriteCell */,
				B4FB90642C6E3D36001978D0 /* FollowerCell */,
			);
			path = Cells;
			sourceTree = "<group>";
		};
/* End PBXGroup section */

/* Begin PBXNativeTarget section */
		B443F4642C46766F00AA610D /* GitHubFollowers */ = {
			isa = PBXNativeTarget;
			buildConfigurationList = B443F4792C46767000AA610D /* Build configuration list for PBXNativeTarget "GitHubFollowers" */;
			buildPhases = (
				B443F4612C46766F00AA610D /* Sources */,
				B443F4622C46766F00AA610D /* Frameworks */,
				B443F4632C46766F00AA610D /* Resources */,
			);
			buildRules = (
			);
			dependencies = (
			);
			name = GitHubFollowers;
			productName = GitHubFollowers;
			productReference = B443F4652C46766F00AA610D /* GitHubFollowers.app */;
			productType = "com.apple.product-type.application";
		};
/* End PBXNativeTarget section */

/* Begin PBXProject section */
		B443F45D2C46766F00AA610D /* Project object */ = {
			isa = PBXProject;
			attributes = {
				BuildIndependentTargetsInParallel = 1;
				LastSwiftUpdateCheck = 1540;
				LastUpgradeCheck = 1540;
				TargetAttributes = {
					B443F4642C46766F00AA610D = {
						CreatedOnToolsVersion = 15.4;
					};
				};
			};
			buildConfigurationList = B443F4602C46766F00AA610D /* Build configuration list for PBXProject "GitHubFollowers" */;
			compatibilityVersion = "Xcode 14.0";
			developmentRegion = en;
			hasScannedForEncodings = 0;
			knownRegions = (
				en,
				Base,
			);
			mainGroup = B443F45C2C46766F00AA610D;
			productRefGroup = B443F4662C46766F00AA610D /* Products */;
			projectDirPath = "";
			projectRoot = "";
			targets = (
				B443F4642C46766F00AA610D /* GitHubFollowers */,
			);
		};
/* End PBXProject section */

/* Begin PBXResourcesBuildPhase section */
		B443F4632C46766F00AA610D /* Resources */ = {
			isa = PBXResourcesBuildPhase;
			buildActionMask = 2147483647;
			files = (
				B443F4722C46767000AA610D /* Assets.xcassets in Resources */,
				B443F4752C46767000AA610D /* Base in Resources */,
			);
			runOnlyForDeploymentPostprocessing = 0;
		};
/* End PBXResourcesBuildPhase section */

/* Begin PBXSourcesBuildPhase section */
		B443F4612C46766F00AA610D /* Sources */ = {
			isa = PBXSourcesBuildPhase;
			buildActionMask = 2147483647;
			files = (
				B443F47D2C46777300AA610D /* SearchVC.swift in Sources */,
				B443F48F2C46E13800AA610D /* UIViewController+Ext.swift in Sources */,
				B443F48B2C46BB2300AA610D /* GFAlertView.swift in Sources */,
				B4FB90682C6E3D36001978D0 /* FollowerCell.swift in Sources */,
				B4D05F172C5BFD45002A06A3 /* String+Ext.swift in Sources */,
				B4D05F092C592DBC002A06A3 /* GFUserInfoHeaderVC.swift in Sources */,
				B443F47F2C46779400AA610D /* FavouriteListVC.swift in Sources */,
				B443F4852C46AE7600AA610D /* FollowersListVC.swift in Sources */,
				B4D05F052C561CD9002A06A3 /* GFEmptyStateView.swift in Sources */,
				B41896CC2C49641900F104F6 /* GFImageView.swift in Sources */,
				B4D05F192C5BFD50002A06A3 /* Date+Ext.swift in Sources */,
				B4D05F2B2C669171002A06A3 /* UITableView+Ext.swift in Sources */,
				B443F4812C46833A00AA610D /* GFButton.swift in Sources */,
				B4FB90672C6E3D36001978D0 /* FavouriteView.swift in Sources */,
				B443F4972C479DDC00AA610D /* User.swift in Sources */,
				B4D05F1B2C5CB829002A06A3 /* PersistenceManager.swift in Sources */,
				B443F4692C46766F00AA610D /* AppDelegate.swift in Sources */,
				B4D05F132C5AC0E1002A06A3 /* GFRepoItemVC.swift in Sources */,
				B4D05F0B2C5947CF002A06A3 /* GFSecondaryLabel.swift in Sources */,
				B4D05F072C58CC3D002A06A3 /* UserInfoVC.swift in Sources */,
				B443F4952C479D6100AA610D /* Follower.swift in Sources */,
				B443F4872C46B7ED00AA610D /* GFTitleLabel.swift in Sources */,
				B4D05F1F2C60F23C002A06A3 /* UIResponser+Ext.swift in Sources */,
				B4D05F242C6127A3002A06A3 /* GFTabBarController.swift in Sources */,
				B4D05F262C61FD7F002A06A3 /* GFDataLoadingVC.swift in Sources */,
				B443F46B2C46766F00AA610D /* SceneDelegate.swift in Sources */,
				B443F4832C46843B00AA610D /* GFTextField.swift in Sources */,
				B443F4992C479EB300AA610D /* NetworkManager.swift in Sources */,
				B44387A32C52BB1700065709 /* UIHelper.swift in Sources */,
				B4D05F112C5A986A002A06A3 /* GFItemInfoViewController.swift in Sources */,
				B443F48D2C46C01800AA610D /* GFAlertViewController.swift in Sources */,
				B443F4892C46BA3B00AA610D /* GFBodyLabel.swift in Sources */,
				B4D05F0F2C5A53BF002A06A3 /* GFItemInfoView.swift in Sources */,
				B4FB90692C6E3D36001978D0 /* FollowerView.swift in Sources */,
				B4FB90662C6E3D36001978D0 /* FavouriteCell.swift in Sources */,
				B4D05F282C63F0C5002A06A3 /* UIView+Ext.swift in Sources */,
				B4D05F152C5AC432002A06A3 /* GFFollowersInfoVC.swift in Sources */,
				B443F49C2C47BC9F00AA610D /* GFError.swift in Sources */,
				B4D05F0D2C5951FD002A06A3 /* Constants.swift in Sources */,
			);
			runOnlyForDeploymentPostprocessing = 0;
		};
/* End PBXSourcesBuildPhase section */

/* Begin PBXVariantGroup section */
		B443F4732C46767000AA610D /* LaunchScreen.storyboard */ = {
			isa = PBXVariantGroup;
			children = (
				B443F4742C46767000AA610D /* Base */,
			);
			name = LaunchScreen.storyboard;
			sourceTree = "<group>";
		};
/* End PBXVariantGroup section */

/* Begin XCBuildConfiguration section */
		B443F4772C46767000AA610D /* Debug */ = {
			isa = XCBuildConfiguration;
			buildSettings = {
				ALWAYS_SEARCH_USER_PATHS = NO;
				ASSETCATALOG_COMPILER_GENERATE_SWIFT_ASSET_SYMBOL_EXTENSIONS = YES;
				CLANG_ANALYZER_NONNULL = YES;
				CLANG_ANALYZER_NUMBER_OBJECT_CONVERSION = YES_AGGRESSIVE;
				CLANG_CXX_LANGUAGE_STANDARD = "gnu++20";
				CLANG_ENABLE_MODULES = YES;
				CLANG_ENABLE_OBJC_ARC = YES;
				CLANG_ENABLE_OBJC_WEAK = YES;
				CLANG_WARN_BLOCK_CAPTURE_AUTORELEASING = YES;
				CLANG_WARN_BOOL_CONVERSION = YES;
				CLANG_WARN_COMMA = YES;
				CLANG_WARN_CONSTANT_CONVERSION = YES;
				CLANG_WARN_DEPRECATED_OBJC_IMPLEMENTATIONS = YES;
				CLANG_WARN_DIRECT_OBJC_ISA_USAGE = YES_ERROR;
				CLANG_WARN_DOCUMENTATION_COMMENTS = YES;
				CLANG_WARN_EMPTY_BODY = YES;
				CLANG_WARN_ENUM_CONVERSION = YES;
				CLANG_WARN_INFINITE_RECURSION = YES;
				CLANG_WARN_INT_CONVERSION = YES;
				CLANG_WARN_NON_LITERAL_NULL_CONVERSION = YES;
				CLANG_WARN_OBJC_IMPLICIT_RETAIN_SELF = YES;
				CLANG_WARN_OBJC_LITERAL_CONVERSION = YES;
				CLANG_WARN_OBJC_ROOT_CLASS = YES_ERROR;
				CLANG_WARN_QUOTED_INCLUDE_IN_FRAMEWORK_HEADER = YES;
				CLANG_WARN_RANGE_LOOP_ANALYSIS = YES;
				CLANG_WARN_STRICT_PROTOTYPES = YES;
				CLANG_WARN_SUSPICIOUS_MOVE = YES;
				CLANG_WARN_UNGUARDED_AVAILABILITY = YES_AGGRESSIVE;
				CLANG_WARN_UNREACHABLE_CODE = YES;
				CLANG_WARN__DUPLICATE_METHOD_MATCH = YES;
				COPY_PHASE_STRIP = NO;
				DEBUG_INFORMATION_FORMAT = dwarf;
				ENABLE_STRICT_OBJC_MSGSEND = YES;
				ENABLE_TESTABILITY = YES;
				ENABLE_USER_SCRIPT_SANDBOXING = YES;
				GCC_C_LANGUAGE_STANDARD = gnu17;
				GCC_DYNAMIC_NO_PIC = NO;
				GCC_NO_COMMON_BLOCKS = YES;
				GCC_OPTIMIZATION_LEVEL = 0;
				GCC_PREPROCESSOR_DEFINITIONS = (
					"DEBUG=1",
					"$(inherited)",
				);
				GCC_WARN_64_TO_32_BIT_CONVERSION = YES;
				GCC_WARN_ABOUT_RETURN_TYPE = YES_ERROR;
				GCC_WARN_UNDECLARED_SELECTOR = YES;
				GCC_WARN_UNINITIALIZED_AUTOS = YES_AGGRESSIVE;
				GCC_WARN_UNUSED_FUNCTION = YES;
				GCC_WARN_UNUSED_VARIABLE = YES;
				IPHONEOS_DEPLOYMENT_TARGET = 17.0;
				LOCALIZATION_PREFERS_STRING_CATALOGS = YES;
				MTL_ENABLE_DEBUG_INFO = INCLUDE_SOURCE;
				MTL_FAST_MATH = YES;
				ONLY_ACTIVE_ARCH = YES;
				SDKROOT = iphoneos;
				SWIFT_ACTIVE_COMPILATION_CONDITIONS = "DEBUG $(inherited)";
				SWIFT_OPTIMIZATION_LEVEL = "-Onone";
			};
			name = Debug;
		};
		B443F4782C46767000AA610D /* Release */ = {
			isa = XCBuildConfiguration;
			buildSettings = {
				ALWAYS_SEARCH_USER_PATHS = NO;
				ASSETCATALOG_COMPILER_GENERATE_SWIFT_ASSET_SYMBOL_EXTENSIONS = YES;
				CLANG_ANALYZER_NONNULL = YES;
				CLANG_ANALYZER_NUMBER_OBJECT_CONVERSION = YES_AGGRESSIVE;
				CLANG_CXX_LANGUAGE_STANDARD = "gnu++20";
				CLANG_ENABLE_MODULES = YES;
				CLANG_ENABLE_OBJC_ARC = YES;
				CLANG_ENABLE_OBJC_WEAK = YES;
				CLANG_WARN_BLOCK_CAPTURE_AUTORELEASING = YES;
				CLANG_WARN_BOOL_CONVERSION = YES;
				CLANG_WARN_COMMA = YES;
				CLANG_WARN_CONSTANT_CONVERSION = YES;
				CLANG_WARN_DEPRECATED_OBJC_IMPLEMENTATIONS = YES;
				CLANG_WARN_DIRECT_OBJC_ISA_USAGE = YES_ERROR;
				CLANG_WARN_DOCUMENTATION_COMMENTS = YES;
				CLANG_WARN_EMPTY_BODY = YES;
				CLANG_WARN_ENUM_CONVERSION = YES;
				CLANG_WARN_INFINITE_RECURSION = YES;
				CLANG_WARN_INT_CONVERSION = YES;
				CLANG_WARN_NON_LITERAL_NULL_CONVERSION = YES;
				CLANG_WARN_OBJC_IMPLICIT_RETAIN_SELF = YES;
				CLANG_WARN_OBJC_LITERAL_CONVERSION = YES;
				CLANG_WARN_OBJC_ROOT_CLASS = YES_ERROR;
				CLANG_WARN_QUOTED_INCLUDE_IN_FRAMEWORK_HEADER = YES;
				CLANG_WARN_RANGE_LOOP_ANALYSIS = YES;
				CLANG_WARN_STRICT_PROTOTYPES = YES;
				CLANG_WARN_SUSPICIOUS_MOVE = YES;
				CLANG_WARN_UNGUARDED_AVAILABILITY = YES_AGGRESSIVE;
				CLANG_WARN_UNREACHABLE_CODE = YES;
				CLANG_WARN__DUPLICATE_METHOD_MATCH = YES;
				COPY_PHASE_STRIP = NO;
				DEBUG_INFORMATION_FORMAT = "dwarf-with-dsym";
				ENABLE_NS_ASSERTIONS = NO;
				ENABLE_STRICT_OBJC_MSGSEND = YES;
				ENABLE_USER_SCRIPT_SANDBOXING = YES;
				GCC_C_LANGUAGE_STANDARD = gnu17;
				GCC_NO_COMMON_BLOCKS = YES;
				GCC_WARN_64_TO_32_BIT_CONVERSION = YES;
				GCC_WARN_ABOUT_RETURN_TYPE = YES_ERROR;
				GCC_WARN_UNDECLARED_SELECTOR = YES;
				GCC_WARN_UNINITIALIZED_AUTOS = YES_AGGRESSIVE;
				GCC_WARN_UNUSED_FUNCTION = YES;
				GCC_WARN_UNUSED_VARIABLE = YES;
				IPHONEOS_DEPLOYMENT_TARGET = 17.0;
				LOCALIZATION_PREFERS_STRING_CATALOGS = YES;
				MTL_ENABLE_DEBUG_INFO = NO;
				MTL_FAST_MATH = YES;
				SDKROOT = iphoneos;
				SWIFT_COMPILATION_MODE = wholemodule;
				VALIDATE_PRODUCT = YES;
			};
			name = Release;
		};
		B443F47A2C46767000AA610D /* Debug */ = {
			isa = XCBuildConfiguration;
			buildSettings = {
				ASSETCATALOG_COMPILER_APPICON_NAME = AppIcon;
				ASSETCATALOG_COMPILER_GLOBAL_ACCENT_COLOR_NAME = AccentColor;
				CODE_SIGN_STYLE = Automatic;
				CURRENT_PROJECT_VERSION = 1;
				DEVELOPMENT_TEAM = WBT765N7KM;
				GENERATE_INFOPLIST_FILE = YES;
				INFOPLIST_FILE = GitHubFollowers/Info.plist;
				INFOPLIST_KEY_UIApplicationSupportsIndirectInputEvents = YES;
				INFOPLIST_KEY_UILaunchStoryboardName = LaunchScreen;
				INFOPLIST_KEY_UISupportedInterfaceOrientations_iPad = "UIInterfaceOrientationPortrait UIInterfaceOrientationPortraitUpsideDown UIInterfaceOrientationLandscapeLeft UIInterfaceOrientationLandscapeRight";
				INFOPLIST_KEY_UISupportedInterfaceOrientations_iPhone = "UIInterfaceOrientationPortrait UIInterfaceOrientationLandscapeLeft UIInterfaceOrientationLandscapeRight";
				IPHONEOS_DEPLOYMENT_TARGET = 17.0;
				LD_RUNPATH_SEARCH_PATHS = (
					"$(inherited)",
					"@executable_path/Frameworks",
				);
				MARKETING_VERSION = 1.0;
				PRODUCT_BUNDLE_IDENTIFIER = com.ritika.GitHubFollowers;
				PRODUCT_NAME = "$(TARGET_NAME)";
				SWIFT_EMIT_LOC_STRINGS = YES;
				SWIFT_VERSION = 5.0;
				TARGETED_DEVICE_FAMILY = "1,2";
			};
			name = Debug;
		};
		B443F47B2C46767000AA610D /* Release */ = {
			isa = XCBuildConfiguration;
			buildSettings = {
				ASSETCATALOG_COMPILER_APPICON_NAME = AppIcon;
				ASSETCATALOG_COMPILER_GLOBAL_ACCENT_COLOR_NAME = AccentColor;
				CODE_SIGN_STYLE = Automatic;
				CURRENT_PROJECT_VERSION = 1;
				DEVELOPMENT_TEAM = WBT765N7KM;
				GENERATE_INFOPLIST_FILE = YES;
				INFOPLIST_FILE = GitHubFollowers/Info.plist;
				INFOPLIST_KEY_UIApplicationSupportsIndirectInputEvents = YES;
				INFOPLIST_KEY_UILaunchStoryboardName = LaunchScreen;
				INFOPLIST_KEY_UISupportedInterfaceOrientations_iPad = "UIInterfaceOrientationPortrait UIInterfaceOrientationPortraitUpsideDown UIInterfaceOrientationLandscapeLeft UIInterfaceOrientationLandscapeRight";
				INFOPLIST_KEY_UISupportedInterfaceOrientations_iPhone = "UIInterfaceOrientationPortrait UIInterfaceOrientationLandscapeLeft UIInterfaceOrientationLandscapeRight";
				IPHONEOS_DEPLOYMENT_TARGET = 17.0;
				LD_RUNPATH_SEARCH_PATHS = (
					"$(inherited)",
					"@executable_path/Frameworks",
				);
				MARKETING_VERSION = 1.0;
				PRODUCT_BUNDLE_IDENTIFIER = com.ritika.GitHubFollowers;
				PRODUCT_NAME = "$(TARGET_NAME)";
				SWIFT_EMIT_LOC_STRINGS = YES;
				SWIFT_VERSION = 5.0;
				TARGETED_DEVICE_FAMILY = "1,2";
			};
			name = Release;
		};
/* End XCBuildConfiguration section */

/* Begin XCConfigurationList section */
		B443F4602C46766F00AA610D /* Build configuration list for PBXProject "GitHubFollowers" */ = {
			isa = XCConfigurationList;
			buildConfigurations = (
				B443F4772C46767000AA610D /* Debug */,
				B443F4782C46767000AA610D /* Release */,
			);
			defaultConfigurationIsVisible = 0;
			defaultConfigurationName = Release;
		};
		B443F4792C46767000AA610D /* Build configuration list for PBXNativeTarget "GitHubFollowers" */ = {
			isa = XCConfigurationList;
			buildConfigurations = (
				B443F47A2C46767000AA610D /* Debug */,
				B443F47B2C46767000AA610D /* Release */,
			);
			defaultConfigurationIsVisible = 0;
			defaultConfigurationName = Release;
		};
/* End XCConfigurationList section */
	};
	rootObject = B443F45D2C46766F00AA610D /* Project object */;
}
